// !$*UTF8*$!
{
	archiveVersion = 1;
	classes = {
	};
	objectVersion = 55;
	objects = {

/* Begin PBXBuildFile section */
		34DC03F528E157D90083FA9A /* AppDelegate.swift in Sources */ = {isa = PBXBuildFile; fileRef = 34DC03F428E157D90083FA9A /* AppDelegate.swift */; };
		34DC03F728E157D90083FA9A /* SceneDelegate.swift in Sources */ = {isa = PBXBuildFile; fileRef = 34DC03F628E157D90083FA9A /* SceneDelegate.swift */; };
		34DC03F928E157D90083FA9A /* ViewController.swift in Sources */ = {isa = PBXBuildFile; fileRef = 34DC03F828E157D90083FA9A /* ViewController.swift */; };
		34DC03FE28E157DC0083FA9A /* Assets.xcassets in Resources */ = {isa = PBXBuildFile; fileRef = 34DC03FD28E157DC0083FA9A /* Assets.xcassets */; };
		34DC040128E157DC0083FA9A /* LaunchScreen.storyboard in Resources */ = {isa = PBXBuildFile; fileRef = 34DC03FF28E157DC0083FA9A /* LaunchScreen.storyboard */; };
		34DC040928E18A4B0083FA9A /* MobileTableViewCell.swift in Sources */ = {isa = PBXBuildFile; fileRef = 34DC040828E18A4B0083FA9A /* MobileTableViewCell.swift */; };
		34DC040B28E18B360083FA9A /* StorageManager.swift in Sources */ = {isa = PBXBuildFile; fileRef = 34DC040A28E18B360083FA9A /* StorageManager.swift */; };
		34DC040F28E191610083FA9A /* UIViewController+extension.swift in Sources */ = {isa = PBXBuildFile; fileRef = 34DC040E28E191610083FA9A /* UIViewController+extension.swift */; };
		34DC041128E1A15B0083FA9A /* Mobile.swift in Sources */ = {isa = PBXBuildFile; fileRef = 34DC041028E1A15B0083FA9A /* Mobile.swift */; };
		34DC041828E1DCE70083FA9A /* UIColor+extensions.swift in Sources */ = {isa = PBXBuildFile; fileRef = 34DC041728E1DCE70083FA9A /* UIColor+extensions.swift */; };
		7313884F926BA9B4B0F6CF67 /* Pods_TestTaskMobileStorage.framework in Frameworks */ = {isa = PBXBuildFile; fileRef = 25FB79705E101EA698E7211B /* Pods_TestTaskMobileStorage.framework */; };
/* End PBXBuildFile section */

/* Begin PBXFileReference section */
		25FB79705E101EA698E7211B /* Pods_TestTaskMobileStorage.framework */ = {isa = PBXFileReference; explicitFileType = wrapper.framework; includeInIndex = 0; path = Pods_TestTaskMobileStorage.framework; sourceTree = BUILT_PRODUCTS_DIR; };
		34DC03F128E157D90083FA9A /* TestTaskMobileStorage.app */ = {isa = PBXFileReference; explicitFileType = wrapper.application; includeInIndex = 0; path = TestTaskMobileStorage.app; sourceTree = BUILT_PRODUCTS_DIR; };
		34DC03F428E157D90083FA9A /* AppDelegate.swift */ = {isa = PBXFileReference; lastKnownFileType = sourcecode.swift; path = AppDelegate.swift; sourceTree = "<group>"; };
		34DC03F628E157D90083FA9A /* SceneDelegate.swift */ = {isa = PBXFileReference; lastKnownFileType = sourcecode.swift; path = SceneDelegate.swift; sourceTree = "<group>"; };
		34DC03F828E157D90083FA9A /* ViewController.swift */ = {isa = PBXFileReference; lastKnownFileType = sourcecode.swift; path = ViewController.swift; sourceTree = "<group>"; };
		34DC03FD28E157DC0083FA9A /* Assets.xcassets */ = {isa = PBXFileReference; lastKnownFileType = folder.assetcatalog; path = Assets.xcassets; sourceTree = "<group>"; };
		34DC040028E157DC0083FA9A /* Base */ = {isa = PBXFileReference; lastKnownFileType = file.storyboard; name = Base; path = Base.lproj/LaunchScreen.storyboard; sourceTree = "<group>"; };
		34DC040228E157DC0083FA9A /* Info.plist */ = {isa = PBXFileReference; lastKnownFileType = text.plist.xml; path = Info.plist; sourceTree = "<group>"; };
		34DC040828E18A4B0083FA9A /* MobileTableViewCell.swift */ = {isa = PBXFileReference; lastKnownFileType = sourcecode.swift; path = MobileTableViewCell.swift; sourceTree = "<group>"; };
		34DC040A28E18B360083FA9A /* StorageManager.swift */ = {isa = PBXFileReference; lastKnownFileType = sourcecode.swift; path = StorageManager.swift; sourceTree = "<group>"; };
		34DC040E28E191610083FA9A /* UIViewController+extension.swift */ = {isa = PBXFileReference; lastKnownFileType = sourcecode.swift; path = "UIViewController+extension.swift"; sourceTree = "<group>"; };
		34DC041028E1A15B0083FA9A /* Mobile.swift */ = {isa = PBXFileReference; lastKnownFileType = sourcecode.swift; path = Mobile.swift; sourceTree = "<group>"; };
		34DC041728E1DCE70083FA9A /* UIColor+extensions.swift */ = {isa = PBXFileReference; lastKnownFileType = sourcecode.swift; path = "UIColor+extensions.swift"; sourceTree = "<group>"; };
		47182DBD4A999420E8A216F0 /* Pods-TestTaskMobileStorage.release.xcconfig */ = {isa = PBXFileReference; includeInIndex = 1; lastKnownFileType = text.xcconfig; name = "Pods-TestTaskMobileStorage.release.xcconfig"; path = "Target Support Files/Pods-TestTaskMobileStorage/Pods-TestTaskMobileStorage.release.xcconfig"; sourceTree = "<group>"; };
		A991726D2B6A2A2602C2E5C7 /* Pods-TestTaskMobileStorage.debug.xcconfig */ = {isa = PBXFileReference; includeInIndex = 1; lastKnownFileType = text.xcconfig; name = "Pods-TestTaskMobileStorage.debug.xcconfig"; path = "Target Support Files/Pods-TestTaskMobileStorage/Pods-TestTaskMobileStorage.debug.xcconfig"; sourceTree = "<group>"; };
/* End PBXFileReference section */

/* Begin PBXFrameworksBuildPhase section */
		34DC03EE28E157D80083FA9A /* Frameworks */ = {
			isa = PBXFrameworksBuildPhase;
			buildActionMask = 2147483647;
			files = (
				7313884F926BA9B4B0F6CF67 /* Pods_TestTaskMobileStorage.framework in Frameworks */,
			);
			runOnlyForDeploymentPostprocessing = 0;
		};
/* End PBXFrameworksBuildPhase section */

/* Begin PBXGroup section */
		34DC03E828E157D80083FA9A = {
			isa = PBXGroup;
			children = (
				34DC03F328E157D90083FA9A /* TestTaskMobileStorage */,
				34DC03F228E157D90083FA9A /* Products */,
				48598A710BF2B1DCB1A6B10C /* Pods */,
				DC6C770CCA1C370F75DE38D4 /* Frameworks */,
			);
			sourceTree = "<group>";
		};
		34DC03F228E157D90083FA9A /* Products */ = {
			isa = PBXGroup;
			children = (
				34DC03F128E157D90083FA9A /* TestTaskMobileStorage.app */,
			);
			name = Products;
			sourceTree = "<group>";
		};
		34DC03F328E157D90083FA9A /* TestTaskMobileStorage */ = {
			isa = PBXGroup;
			children = (
				34DC041C28E1DE920083FA9A /* Basic */,
				34DC041628E1DC470083FA9A /* Helpers */,
				34DC041528E1DC380083FA9A /* Models */,
				34DC041428E1DC260083FA9A /* Extensions */,
				34DC041928E1DD760083FA9A /* ViewControllers */,
				34DC041A28E1DD860083FA9A /* Cells */,
				34DC041B28E1DDE20083FA9A /* Supporting Files */,
			);
			path = TestTaskMobileStorage;
			sourceTree = "<group>";
		};
		34DC041428E1DC260083FA9A /* Extensions */ = {
			isa = PBXGroup;
			children = (
				34DC040E28E191610083FA9A /* UIViewController+extension.swift */,
				34DC041728E1DCE70083FA9A /* UIColor+extensions.swift */,
			);
			name = Extensions;
			sourceTree = "<group>";
		};
		34DC041528E1DC380083FA9A /* Models */ = {
			isa = PBXGroup;
			children = (
				34DC041028E1A15B0083FA9A /* Mobile.swift */,
			);
			name = Models;
			sourceTree = "<group>";
		};
		34DC041628E1DC470083FA9A /* Helpers */ = {
			isa = PBXGroup;
			children = (
				34DC040A28E18B360083FA9A /* StorageManager.swift */,
			);
			path = Helpers;
			sourceTree = "<group>";
		};
		34DC041928E1DD760083FA9A /* ViewControllers */ = {
			isa = PBXGroup;
			children = (
				34DC03F828E157D90083FA9A /* ViewController.swift */,
			);
			name = ViewControllers;
			sourceTree = "<group>";
		};
		34DC041A28E1DD860083FA9A /* Cells */ = {
			isa = PBXGroup;
			children = (
				34DC040828E18A4B0083FA9A /* MobileTableViewCell.swift */,
			);
			name = Cells;
			sourceTree = "<group>";
		};
		34DC041B28E1DDE20083FA9A /* Supporting Files */ = {
			isa = PBXGroup;
			children = (
				34DC03FD28E157DC0083FA9A /* Assets.xcassets */,
				34DC03FF28E157DC0083FA9A /* LaunchScreen.storyboard */,
				34DC040228E157DC0083FA9A /* Info.plist */,
			);
			path = "Supporting Files";
			sourceTree = "<group>";
		};
		34DC041C28E1DE920083FA9A /* Basic */ = {
			isa = PBXGroup;
			children = (
				34DC03F428E157D90083FA9A /* AppDelegate.swift */,
				34DC03F628E157D90083FA9A /* SceneDelegate.swift */,
			);
			name = Basic;
			sourceTree = "<group>";
		};
		48598A710BF2B1DCB1A6B10C /* Pods */ = {
			isa = PBXGroup;
			children = (
				A991726D2B6A2A2602C2E5C7 /* Pods-TestTaskMobileStorage.debug.xcconfig */,
				47182DBD4A999420E8A216F0 /* Pods-TestTaskMobileStorage.release.xcconfig */,
			);
			path = Pods;
			sourceTree = "<group>";
		};
		DC6C770CCA1C370F75DE38D4 /* Frameworks */ = {
			isa = PBXGroup;
			children = (
				25FB79705E101EA698E7211B /* Pods_TestTaskMobileStorage.framework */,
			);
			name = Frameworks;
			sourceTree = "<group>";
		};
/* End PBXGroup section */

/* Begin PBXNativeTarget section */
		34DC03F028E157D80083FA9A /* TestTaskMobileStorage */ = {
			isa = PBXNativeTarget;
			buildConfigurationList = 34DC040528E157DC0083FA9A /* Build configuration list for PBXNativeTarget "TestTaskMobileStorage" */;
			buildPhases = (
				3BB014992665B664329D6057 /* [CP] Check Pods Manifest.lock */,
				34DC03ED28E157D80083FA9A /* Sources */,
				34DC03EE28E157D80083FA9A /* Frameworks */,
				34DC03EF28E157D80083FA9A /* Resources */,
				7AE9787078644AA839D84EA4 /* [CP] Embed Pods Frameworks */,
			);
			buildRules = (
			);
			dependencies = (
			);
			name = TestTaskMobileStorage;
			productName = TestTaskMobileStorage;
			productReference = 34DC03F128E157D90083FA9A /* TestTaskMobileStorage.app */;
			productType = "com.apple.product-type.application";
		};
/* End PBXNativeTarget section */

/* Begin PBXProject section */
		34DC03E928E157D80083FA9A /* Project object */ = {
			isa = PBXProject;
			attributes = {
				BuildIndependentTargetsInParallel = 1;
				LastSwiftUpdateCheck = 1340;
				LastUpgradeCheck = 1340;
				TargetAttributes = {
					34DC03F028E157D80083FA9A = {
						CreatedOnToolsVersion = 13.4.1;
					};
				};
			};
			buildConfigurationList = 34DC03EC28E157D80083FA9A /* Build configuration list for PBXProject "TestTaskMobileStorage" */;
			compatibilityVersion = "Xcode 13.0";
			developmentRegion = en;
			hasScannedForEncodings = 0;
			knownRegions = (
				en,
				Base,
			);
			mainGroup = 34DC03E828E157D80083FA9A;
			productRefGroup = 34DC03F228E157D90083FA9A /* Products */;
			projectDirPath = "";
			projectRoot = "";
			targets = (
				34DC03F028E157D80083FA9A /* TestTaskMobileStorage */,
			);
		};
/* End PBXProject section */

/* Begin PBXResourcesBuildPhase section */
		34DC03EF28E157D80083FA9A /* Resources */ = {
			isa = PBXResourcesBuildPhase;
			buildActionMask = 2147483647;
			files = (
				34DC040128E157DC0083FA9A /* LaunchScreen.storyboard in Resources */,
				34DC03FE28E157DC0083FA9A /* Assets.xcassets in Resources */,
			);
			runOnlyForDeploymentPostprocessing = 0;
		};
/* End PBXResourcesBuildPhase section */

/* Begin PBXShellScriptBuildPhase section */
		3BB014992665B664329D6057 /* [CP] Check Pods Manifest.lock */ = {
			isa = PBXShellScriptBuildPhase;
			buildActionMask = 2147483647;
			files = (
			);
			inputFileListPaths = (
			);
			inputPaths = (
				"${PODS_PODFILE_DIR_PATH}/Podfile.lock",
				"${PODS_ROOT}/Manifest.lock",
			);
			name = "[CP] Check Pods Manifest.lock";
			outputFileListPaths = (
			);
			outputPaths = (
				"$(DERIVED_FILE_DIR)/Pods-TestTaskMobileStorage-checkManifestLockResult.txt",
			);
			runOnlyForDeploymentPostprocessing = 0;
			shellPath = /bin/sh;
			shellScript = "diff \"${PODS_PODFILE_DIR_PATH}/Podfile.lock\" \"${PODS_ROOT}/Manifest.lock\" > /dev/null\nif [ $? != 0 ] ; then\n    # print error to STDERR\n    echo \"error: The sandbox is not in sync with the Podfile.lock. Run 'pod install' or update your CocoaPods installation.\" >&2\n    exit 1\nfi\n# This output is used by Xcode 'outputs' to avoid re-running this script phase.\necho \"SUCCESS\" > \"${SCRIPT_OUTPUT_FILE_0}\"\n";
			showEnvVarsInLog = 0;
		};
		7AE9787078644AA839D84EA4 /* [CP] Embed Pods Frameworks */ = {
			isa = PBXShellScriptBuildPhase;
			buildActionMask = 2147483647;
			files = (
			);
			inputFileListPaths = (
				"${PODS_ROOT}/Target Support Files/Pods-TestTaskMobileStorage/Pods-TestTaskMobileStorage-frameworks-${CONFIGURATION}-input-files.xcfilelist",
			);
			name = "[CP] Embed Pods Frameworks";
			outputFileListPaths = (
				"${PODS_ROOT}/Target Support Files/Pods-TestTaskMobileStorage/Pods-TestTaskMobileStorage-frameworks-${CONFIGURATION}-output-files.xcfilelist",
			);
			runOnlyForDeploymentPostprocessing = 0;
			shellPath = /bin/sh;
			shellScript = "\"${PODS_ROOT}/Target Support Files/Pods-TestTaskMobileStorage/Pods-TestTaskMobileStorage-frameworks.sh\"\n";
			showEnvVarsInLog = 0;
		};
/* End PBXShellScriptBuildPhase section */

/* Begin PBXSourcesBuildPhase section */
		34DC03ED28E157D80083FA9A /* Sources */ = {
			isa = PBXSourcesBuildPhase;
			buildActionMask = 2147483647;
			files = (
				34DC03F928E157D90083FA9A /* ViewController.swift in Sources */,
				34DC03F528E157D90083FA9A /* AppDelegate.swift in Sources */,
				34DC040F28E191610083FA9A /* UIViewController+extension.swift in Sources */,
				34DC041828E1DCE70083FA9A /* UIColor+extensions.swift in Sources */,
				34DC040B28E18B360083FA9A /* StorageManager.swift in Sources */,
				34DC03F728E157D90083FA9A /* SceneDelegate.swift in Sources */,
				34DC041128E1A15B0083FA9A /* Mobile.swift in Sources */,
				34DC040928E18A4B0083FA9A /* MobileTableViewCell.swift in Sources */,
			);
			runOnlyForDeploymentPostprocessing = 0;
		};
/* End PBXSourcesBuildPhase section */

/* Begin PBXVariantGroup section */
		34DC03FF28E157DC0083FA9A /* LaunchScreen.storyboard */ = {
			isa = PBXVariantGroup;
			children = (
				34DC040028E157DC0083FA9A /* Base */,
			);
			name = LaunchScreen.storyboard;
			sourceTree = "<group>";
		};
/* End PBXVariantGroup section */

/* Begin XCBuildConfiguration section */
		34DC040328E157DC0083FA9A /* Debug */ = {
			isa = XCBuildConfiguration;
			buildSettings = {
				ALWAYS_SEARCH_USER_PATHS = NO;
				CLANG_ANALYZER_NONNULL = YES;
				CLANG_ANALYZER_NUMBER_OBJECT_CONVERSION = YES_AGGRESSIVE;
				CLANG_CXX_LANGUAGE_STANDARD = "gnu++17";
				CLANG_ENABLE_MODULES = YES;
				CLANG_ENABLE_OBJC_ARC = YES;
				CLANG_ENABLE_OBJC_WEAK = YES;
				CLANG_WARN_BLOCK_CAPTURE_AUTORELEASING = YES;
				CLANG_WARN_BOOL_CONVERSION = YES;
				CLANG_WARN_COMMA = YES;
				CLANG_WARN_CONSTANT_CONVERSION = YES;
				CLANG_WARN_DEPRECATED_OBJC_IMPLEMENTATIONS = YES;
				CLANG_WARN_DIRECT_OBJC_ISA_USAGE = YES_ERROR;
				CLANG_WARN_DOCUMENTATION_COMMENTS = YES;
				CLANG_WARN_EMPTY_BODY = YES;
				CLANG_WARN_ENUM_CONVERSION = YES;
				CLANG_WARN_INFINITE_RECURSION = YES;
				CLANG_WARN_INT_CONVERSION = YES;
				CLANG_WARN_NON_LITERAL_NULL_CONVERSION = YES;
				CLANG_WARN_OBJC_IMPLICIT_RETAIN_SELF = YES;
				CLANG_WARN_OBJC_LITERAL_CONVERSION = YES;
				CLANG_WARN_OBJC_ROOT_CLASS = YES_ERROR;
				CLANG_WARN_QUOTED_INCLUDE_IN_FRAMEWORK_HEADER = YES;
				CLANG_WARN_RANGE_LOOP_ANALYSIS = YES;
				CLANG_WARN_STRICT_PROTOTYPES = YES;
				CLANG_WARN_SUSPICIOUS_MOVE = YES;
				CLANG_WARN_UNGUARDED_AVAILABILITY = YES_AGGRESSIVE;
				CLANG_WARN_UNREACHABLE_CODE = YES;
				CLANG_WARN__DUPLICATE_METHOD_MATCH = YES;
				COPY_PHASE_STRIP = NO;
				DEBUG_INFORMATION_FORMAT = dwarf;
				ENABLE_STRICT_OBJC_MSGSEND = YES;
				ENABLE_TESTABILITY = YES;
				GCC_C_LANGUAGE_STANDARD = gnu11;
				GCC_DYNAMIC_NO_PIC = NO;
				GCC_NO_COMMON_BLOCKS = YES;
				GCC_OPTIMIZATION_LEVEL = 0;
				GCC_PREPROCESSOR_DEFINITIONS = (
					"DEBUG=1",
					"$(inherited)",
				);
				GCC_WARN_64_TO_32_BIT_CONVERSION = YES;
				GCC_WARN_ABOUT_RETURN_TYPE = YES_ERROR;
				GCC_WARN_UNDECLARED_SELECTOR = YES;
				GCC_WARN_UNINITIALIZED_AUTOS = YES_AGGRESSIVE;
				GCC_WARN_UNUSED_FUNCTION = YES;
				GCC_WARN_UNUSED_VARIABLE = YES;
				IPHONEOS_DEPLOYMENT_TARGET = 15.5;
				MTL_ENABLE_DEBUG_INFO = INCLUDE_SOURCE;
				MTL_FAST_MATH = YES;
				ONLY_ACTIVE_ARCH = YES;
				SDKROOT = iphoneos;
				SWIFT_ACTIVE_COMPILATION_CONDITIONS = DEBUG;
				SWIFT_OPTIMIZATION_LEVEL = "-Onone";
			};
			name = Debug;
		};
		34DC040428E157DC0083FA9A /* Release */ = {
			isa = XCBuildConfiguration;
			buildSettings = {
				ALWAYS_SEARCH_USER_PATHS = NO;
				CLANG_ANALYZER_NONNULL = YES;
				CLANG_ANALYZER_NUMBER_OBJECT_CONVERSION = YES_AGGRESSIVE;
				CLANG_CXX_LANGUAGE_STANDARD = "gnu++17";
				CLANG_ENABLE_MODULES = YES;
				CLANG_ENABLE_OBJC_ARC = YES;
				CLANG_ENABLE_OBJC_WEAK = YES;
				CLANG_WARN_BLOCK_CAPTURE_AUTORELEASING = YES;
				CLANG_WARN_BOOL_CONVERSION = YES;
				CLANG_WARN_COMMA = YES;
				CLANG_WARN_CONSTANT_CONVERSION = YES;
				CLANG_WARN_DEPRECATED_OBJC_IMPLEMENTATIONS = YES;
				CLANG_WARN_DIRECT_OBJC_ISA_USAGE = YES_ERROR;
				CLANG_WARN_DOCUMENTATION_COMMENTS = YES;
				CLANG_WARN_EMPTY_BODY = YES;
				CLANG_WARN_ENUM_CONVERSION = YES;
				CLANG_WARN_INFINITE_RECURSION = YES;
				CLANG_WARN_INT_CONVERSION = YES;
				CLANG_WARN_NON_LITERAL_NULL_CONVERSION = YES;
				CLANG_WARN_OBJC_IMPLICIT_RETAIN_SELF = YES;
				CLANG_WARN_OBJC_LITERAL_CONVERSION = YES;
				CLANG_WARN_OBJC_ROOT_CLASS = YES_ERROR;
				CLANG_WARN_QUOTED_INCLUDE_IN_FRAMEWORK_HEADER = YES;
				CLANG_WARN_RANGE_LOOP_ANALYSIS = YES;
				CLANG_WARN_STRICT_PROTOTYPES = YES;
				CLANG_WARN_SUSPICIOUS_MOVE = YES;
				CLANG_WARN_UNGUARDED_AVAILABILITY = YES_AGGRESSIVE;
				CLANG_WARN_UNREACHABLE_CODE = YES;
				CLANG_WARN__DUPLICATE_METHOD_MATCH = YES;
				COPY_PHASE_STRIP = NO;
				DEBUG_INFORMATION_FORMAT = "dwarf-with-dsym";
				ENABLE_NS_ASSERTIONS = NO;
				ENABLE_STRICT_OBJC_MSGSEND = YES;
				GCC_C_LANGUAGE_STANDARD = gnu11;
				GCC_NO_COMMON_BLOCKS = YES;
				GCC_WARN_64_TO_32_BIT_CONVERSION = YES;
				GCC_WARN_ABOUT_RETURN_TYPE = YES_ERROR;
				GCC_WARN_UNDECLARED_SELECTOR = YES;
				GCC_WARN_UNINITIALIZED_AUTOS = YES_AGGRESSIVE;
				GCC_WARN_UNUSED_FUNCTION = YES;
				GCC_WARN_UNUSED_VARIABLE = YES;
				IPHONEOS_DEPLOYMENT_TARGET = 15.5;
				MTL_ENABLE_DEBUG_INFO = NO;
				MTL_FAST_MATH = YES;
				SDKROOT = iphoneos;
				SWIFT_COMPILATION_MODE = wholemodule;
				SWIFT_OPTIMIZATION_LEVEL = "-O";
				VALIDATE_PRODUCT = YES;
			};
			name = Release;
		};
		34DC040628E157DC0083FA9A /* Debug */ = {
			isa = XCBuildConfiguration;
			baseConfigurationReference = A991726D2B6A2A2602C2E5C7 /* Pods-TestTaskMobileStorage.debug.xcconfig */;
			buildSettings = {
				ASSETCATALOG_COMPILER_APPICON_NAME = AppIcon;
				ASSETCATALOG_COMPILER_GLOBAL_ACCENT_COLOR_NAME = AccentColor;
				CODE_SIGN_STYLE = Automatic;
				CURRENT_PROJECT_VERSION = 1;
				DEVELOPMENT_TEAM = U5F242W6NH;
				GENERATE_INFOPLIST_FILE = YES;
				INFOPLIST_FILE = "TestTaskMobileStorage/Supporting Files/Info.plist";
				INFOPLIST_KEY_UIApplicationSupportsIndirectInputEvents = YES;
				INFOPLIST_KEY_UILaunchStoryboardName = LaunchScreen;
				INFOPLIST_KEY_UISupportedInterfaceOrientations_iPad = "UIInterfaceOrientationPortrait UIInterfaceOrientationPortraitUpsideDown UIInterfaceOrientationLandscapeLeft UIInterfaceOrientationLandscapeRight";
				INFOPLIST_KEY_UISupportedInterfaceOrientations_iPhone = "UIInterfaceOrientationPortrait UIInterfaceOrientationLandscapeLeft UIInterfaceOrientationLandscapeRight";
				LD_RUNPATH_SEARCH_PATHS = (
					"$(inherited)",
					"@executable_path/Frameworks",
				);
				MARKETING_VERSION = 1.0;
				PRODUCT_BUNDLE_IDENTIFIER = com.konstantinGracheff.TestTaskMobileStorage;
				PRODUCT_NAME = "$(TARGET_NAME)";
				SWIFT_EMIT_LOC_STRINGS = YES;
				SWIFT_VERSION = 5.0;
				TARGETED_DEVICE_FAMILY = "1,2";
			};
			name = Debug;
		};
		34DC040728E157DC0083FA9A /* Release */ = {
			isa = XCBuildConfiguration;
			baseConfigurationReference = 47182DBD4A999420E8A216F0 /* Pods-TestTaskMobileStorage.release.xcconfig */;
			buildSettings = {
				ASSETCATALOG_COMPILER_APPICON_NAME = AppIcon;
				ASSETCATALOG_COMPILER_GLOBAL_ACCENT_COLOR_NAME = AccentColor;
				CODE_SIGN_STYLE = Automatic;
				CURRENT_PROJECT_VERSION = 1;
				DEVELOPMENT_TEAM = U5F242W6NH;
				GENERATE_INFOPLIST_FILE = YES;
				INFOPLIST_FILE = "TestTaskMobileStorage/Supporting Files/Info.plist";
				INFOPLIST_KEY_UIApplicationSupportsIndirectInputEvents = YES;
				INFOPLIST_KEY_UILaunchStoryboardName = LaunchScreen;
				INFOPLIST_KEY_UISupportedInterfaceOrientations_iPad = "UIInterfaceOrientationPortrait UIInterfaceOrientationPortraitUpsideDown UIInterfaceOrientationLandscapeLeft UIInterfaceOrientationLandscapeRight";
				INFOPLIST_KEY_UISupportedInterfaceOrientations_iPhone = "UIInterfaceOrientationPortrait UIInterfaceOrientationLandscapeLeft UIInterfaceOrientationLandscapeRight";
				LD_RUNPATH_SEARCH_PATHS = (
					"$(inherited)",
					"@executable_path/Frameworks",
				);
				MARKETING_VERSION = 1.0;
				PRODUCT_BUNDLE_IDENTIFIER = com.konstantinGracheff.TestTaskMobileStorage;
				PRODUCT_NAME = "$(TARGET_NAME)";
				SWIFT_EMIT_LOC_STRINGS = YES;
				SWIFT_VERSION = 5.0;
				TARGETED_DEVICE_FAMILY = "1,2";
			};
			name = Release;
		};
/* End XCBuildConfiguration section */

/* Begin XCConfigurationList section */
		34DC03EC28E157D80083FA9A /* Build configuration list for PBXProject "TestTaskMobileStorage" */ = {
			isa = XCConfigurationList;
			buildConfigurations = (
				34DC040328E157DC0083FA9A /* Debug */,
				34DC040428E157DC0083FA9A /* Release */,
			);
			defaultConfigurationIsVisible = 0;
			defaultConfigurationName = Release;
		};
		34DC040528E157DC0083FA9A /* Build configuration list for PBXNativeTarget "TestTaskMobileStorage" */ = {
			isa = XCConfigurationList;
			buildConfigurations = (
				34DC040628E157DC0083FA9A /* Debug */,
				34DC040728E157DC0083FA9A /* Release */,
			);
			defaultConfigurationIsVisible = 0;
			defaultConfigurationName = Release;
		};
/* End XCConfigurationList section */
	};
	rootObject = 34DC03E928E157D80083FA9A /* Project object */;
}
